
Microsoft Visual Studio Solution File, Format Version 12.00
# Visual Studio Version 16
VisualStudioVersion = 16.0.30611.23
MinimumVisualStudioVersion = 10.0.40219.1
Project("{FAE04EC0-301F-11D3-BF4B-00C04F79EFBC}") = "BaiTap5_61133181", "BaiTap5_61133181\BaiTap5_61133181.csproj", "{840FA9E9-28ED-4738-959E-BB11D395E4E3}"
EndProject
Global
	GlobalSection(SolutionConfigurationPlatforms) = preSolution
		Debug|Any CPU = Debug|Any CPU
		Release|Any CPU = Release|Any CPU
	EndGlobalSection
	GlobalSection(ProjectConfigurationPlatforms) = postSolution
		{840FA9E9-28ED-4738-959E-BB11D395E4E3}.Debug|Any CPU.ActiveCfg = Debug|Any CPU
		{840FA9E9-28ED-4738-959E-BB11D395E4E3}.Debug|Any CPU.Build.0 = Debug|Any CPU
		{840FA9E9-28ED-4738-959E-BB11D395E4E3}.Release|Any CPU.ActiveCfg = Release|Any CPU
		{840FA9E9-28ED-4738-959E-BB11D395E4E3}.Release|Any CPU.Build.0 = Release|Any CPU
	EndGlobalSection
	GlobalSection(SolutionProperties) = preSolution
		HideSolutionNode = FALSE
	EndGlobalSection
	GlobalSection(ExtensibilityGlobals) = postSolution
		SolutionGuid = {239D081F-DAEE-4990-9551-4064D63FCF64}
	EndGlobalSection
EndGlobal
